// !$*UTF8*$!
{
	archiveVersion = 1;
	classes = {
	};
	objectVersion = 77;
	objects = {

/* Begin PBXBuildFile section */
		F7ABCDEFAA07BB01CCDDEEFF /* FieldTapKit in Frameworks */ = {isa = PBXBuildFile; productRef = F7ABCDEFAA08BB02CCDDEEFF /* FieldTapKit */; };
/* End PBXBuildFile section */

/* Begin PBXFileReference section */
		F7ABCDEFAA04BB01CCDDEEFF /* FieldTap.app */ = {isa = PBXFileReference; explicitFileType = wrapper.application; includeInIndex = 0; path = FieldTap.app; sourceTree = BUILT_PRODUCTS_DIR; };
		F7ABCDEFAA04BB02CCDDEEFF /* FieldTap-Info.plist */ = {isa = PBXFileReference; lastKnownFileType = text.plist.xml; path = "FieldTap-Info.plist"; sourceTree = "<group>"; };
/* End PBXFileReference section */

/* Begin PBXFileSystemSynchronizedRootGroup section */
		F7ABCDEFAA02BB01CCDDEEFF /* App */ = {
			isa = PBXFileSystemSynchronizedRootGroup;
			path = App;
			sourceTree = "<group>";
		};
/* End PBXFileSystemSynchronizedRootGroup section */

/* Begin PBXFrameworksBuildPhase section */
		F7ABCDEFAA06BB02CCDDEEFF /* Frameworks */ = {
			isa = PBXFrameworksBuildPhase;
			buildActionMask = 2147483647;
			files = (
				F7ABCDEFAA07BB01CCDDEEFF /* FieldTapKit in Frameworks */,
			);
			runOnlyForDeploymentPostprocessing = 0;
		};
/* End PBXFrameworksBuildPhase section */

/* Begin PBXGroup section */
		F7ABCDEFAA03BB01CCDDEEFF = {
			isa = PBXGroup;
			children = (
				F7ABCDEFAA02BB01CCDDEEFF /* App */,
				F7ABCDEFAA02BB02CCDDEEFF /* Config */,
				F7ABCDEFAA03BB02CCDDEEFF /* Products */,
			);
			sourceTree = "<group>";
		};
		F7ABCDEFAA02BB02CCDDEEFF /* Config */ = {
			isa = PBXGroup;
			children = (
				F7ABCDEFAA04BB02CCDDEEFF /* FieldTap-Info.plist */,
			);
			path = Config;
			sourceTree = "<group>";
		};
		F7ABCDEFAA03BB02CCDDEEFF /* Products */ = {
			isa = PBXGroup;
			children = (
				F7ABCDEFAA04BB01CCDDEEFF /* FieldTap.app */,
			);
			name = Products;
			sourceTree = "<group>";
		};
/* End PBXGroup section */

/* Begin PBXNativeTarget section */
		F7ABCDEFAA05BB01CCDDEEFF /* FieldTap */ = {
			isa = PBXNativeTarget;
			buildConfigurationList = F7ABCDEFAA09BB01CCDDEEFF /* Build configuration list for PBXNativeTarget "FieldTap" */;
			buildPhases = (
				F7ABCDEFAA06BB01CCDDEEFF /* Sources */,
				F7ABCDEFAA06BB02CCDDEEFF /* Frameworks */,
				F7ABCDEFAA06BB03CCDDEEFF /* Resources */,
			);
			buildRules = (
			);
			dependencies = (
			);
			fileSystemSynchronizedGroups = (
				F7ABCDEFAA02BB01CCDDEEFF /* App */,
			);
			name = FieldTap;
			packageProductDependencies = (
				F7ABCDEFAA08BB02CCDDEEFF /* FieldTapKit */,
			);
			productName = FieldTap;
			productReference = F7ABCDEFAA04BB01CCDDEEFF /* FieldTap.app */;
			productType = "com.apple.product-type.application";
		};
/* End PBXNativeTarget section */

/* Begin PBXProject section */
		F7ABCDEFAA01BB01CCDDEEFF /* Project object */ = {
			isa = PBXProject;
			attributes = {
				BuildIndependentTargetsInParallel = 1;
				LastSwiftUpdateCheck = 2700;
				LastUpgradeCheck = 2700;
				TargetAttributes = {
					F7ABCDEFAA05BB01CCDDEEFF = {
						CreatedOnToolsVersion = 27.0;
					};
				};
			};
			buildConfigurationList = F7ABCDEFAA09BB02CCDDEEFF /* Build configuration list for PBXProject "FieldTap" */;
			developmentRegion = en;
			hasScannedForEncodings = 0;
			knownRegions = (
				en,
				Base,
			);
			mainGroup = F7ABCDEFAA03BB01CCDDEEFF;
			minimizedProjectReferenceProxies = 1;
			packageReferences = (
				F7ABCDEFAA08BB01CCDDEEFF /* XCLocalSwiftPackageReference "FieldTapKit" */,
			);
			preferredProjectObjectVersion = 77;
			productRefGroup = F7ABCDEFAA03BB02CCDDEEFF /* Products */;
			projectDirPath = "";
			projectRoot = "";
			targets = (
				F7ABCDEFAA05BB01CCDDEEFF /* FieldTap */,
			);
		};
/* End PBXProject section */

/* Begin PBXResourcesBuildPhase section */
		F7ABCDEFAA06BB03CCDDEEFF /* Resources */ = {
			isa = PBXResourcesBuildPhase;
			buildActionMask = 2147483647;
			files = (
			);
			runOnlyForDeploymentPostprocessing = 0;
		};
/* End PBXResourcesBuildPhase section */

/* Begin PBXSourcesBuildPhase section */
		F7ABCDEFAA06BB01CCDDEEFF /* Sources */ = {
			isa = PBXSourcesBuildPhase;
			buildActionMask = 2147483647;
			files = (
			);
			runOnlyForDeploymentPostprocessing = 0;
		};
/* End PBXSourcesBuildPhase section */

/* Begin XCBuildConfiguration section */
		F7ABCDEFAA0ABB01CCDDEEFF /* Debug */ = {
			isa = XCBuildConfiguration;
			buildSettings = {
				ALWAYS_SEARCH_USER_PATHS = NO;
				ASSETCATALOG_COMPILER_GENERATE_SWIFT_ASSET_SYMBOL_EXTENSIONS = YES;
				CLANG_ENABLE_MODULES = YES;
				CLANG_ENABLE_OBJC_ARC = YES;
				COPY_PHASE_STRIP = NO;
				ENABLE_STRICT_OBJC_MSGSEND = YES;
				ENABLE_USER_SCRIPT_SANDBOXING = YES;
				GCC_C_LANGUAGE_STANDARD = gnu17;
				IPHONEOS_DEPLOYMENT_TARGET = 26.0;
				LOCALIZATION_PREFERS_STRING_CATALOGS = YES;
				SDKROOT = iphoneos;
				SWIFT_VERSION = 6.0;
				TARGETED_DEVICE_FAMILY = 1;
				DEBUG_INFORMATION_FORMAT = dwarf;
				ENABLE_TESTABILITY = YES;
				GCC_OPTIMIZATION_LEVEL = 0;
				GCC_PREPROCESSOR_DEFINITIONS = (
					"DEBUG=1",
					"$(inherited)",
				);
				ONLY_ACTIVE_ARCH = YES;
				SWIFT_ACTIVE_COMPILATION_CONDITIONS = "DEBUG $(inherited)";
				SWIFT_OPTIMIZATION_LEVEL = "-Onone";
			};
			name = Debug;
		};
		F7ABCDEFAA0ABB02CCDDEEFF /* Harness */ = {
			isa = XCBuildConfiguration;
			buildSettings = {
				ALWAYS_SEARCH_USER_PATHS = NO;
				ASSETCATALOG_COMPILER_GENERATE_SWIFT_ASSET_SYMBOL_EXTENSIONS = YES;
				CLANG_ENABLE_MODULES = YES;
				CLANG_ENABLE_OBJC_ARC = YES;
				COPY_PHASE_STRIP = NO;
				ENABLE_STRICT_OBJC_MSGSEND = YES;
				ENABLE_USER_SCRIPT_SANDBOXING = YES;
				GCC_C_LANGUAGE_STANDARD = gnu17;
				IPHONEOS_DEPLOYMENT_TARGET = 26.0;
				LOCALIZATION_PREFERS_STRING_CATALOGS = YES;
				SDKROOT = iphoneos;
				SWIFT_VERSION = 6.0;
				TARGETED_DEVICE_FAMILY = 1;
				DEBUG_INFORMATION_FORMAT = dwarf;
				ENABLE_NS_ASSERTIONS = NO;
				SWIFT_ACTIVE_COMPILATION_CONDITIONS = "FT_HARNESS $(inherited)";
				SWIFT_COMPILATION_MODE = wholemodule;
				SWIFT_OPTIMIZATION_LEVEL = "-O";
			};
			name = Harness;
		};
		F7ABCDEFAA0ABB03CCDDEEFF /* Release */ = {
			isa = XCBuildConfiguration;
			buildSettings = {
				ALWAYS_SEARCH_USER_PATHS = NO;
				ASSETCATALOG_COMPILER_GENERATE_SWIFT_ASSET_SYMBOL_EXTENSIONS = YES;
				CLANG_ENABLE_MODULES = YES;
				CLANG_ENABLE_OBJC_ARC = YES;
				COPY_PHASE_STRIP = NO;
				ENABLE_STRICT_OBJC_MSGSEND = YES;
				ENABLE_USER_SCRIPT_SANDBOXING = YES;
				GCC_C_LANGUAGE_STANDARD = gnu17;
				IPHONEOS_DEPLOYMENT_TARGET = 26.0;
				LOCALIZATION_PREFERS_STRING_CATALOGS = YES;
				SDKROOT = iphoneos;
				SWIFT_VERSION = 6.0;
				TARGETED_DEVICE_FAMILY = 1;
				DEBUG_INFORMATION_FORMAT = "dwarf-with-dsym";
				ENABLE_NS_ASSERTIONS = NO;
				SWIFT_COMPILATION_MODE = wholemodule;
				SWIFT_OPTIMIZATION_LEVEL = "-O";
				VALIDATE_PRODUCT = YES;
			};
			name = Release;
		};
		F7ABCDEFAA0BBB01CCDDEEFF /* Debug */ = {
			isa = XCBuildConfiguration;
			buildSettings = {
				ASSETCATALOG_COMPILER_APPICON_NAME = AppIcon;
				ASSETCATALOG_COMPILER_GLOBAL_ACCENT_COLOR_NAME = AccentColor;
				CODE_SIGN_STYLE = Automatic;
				CURRENT_PROJECT_VERSION = 1;
				ENABLE_PREVIEWS = YES;
				GENERATE_INFOPLIST_FILE = YES;
				INFOPLIST_FILE = "Config/FieldTap-Info.plist";
				INFOPLIST_KEY_LSApplicationCategoryType = "public.app-category.utilities";
				INFOPLIST_KEY_UIApplicationSceneManifest_Generation = YES;
				INFOPLIST_KEY_UILaunchScreen_Generation = YES;
				INFOPLIST_KEY_UISupportedInterfaceOrientations_iPhone = UIInterfaceOrientationPortrait;
				MARKETING_VERSION = 0.1;
				PRODUCT_BUNDLE_IDENTIFIER = com.fieldtap.ios;
				PRODUCT_NAME = "$(TARGET_NAME)";
				SUPPORTED_PLATFORMS = "iphoneos iphonesimulator";
				SUPPORTS_MACCATALYST = NO;
				SUPPORTS_MAC_DESIGNED_FOR_IPHONE_IPAD = NO;
				SUPPORTS_XR_DESIGNED_FOR_IPHONE_IPAD = NO;
				SWIFT_EMIT_LOC_STRINGS = YES;
				TARGETED_DEVICE_FAMILY = 1;
			};
			name = Debug;
		};
		F7ABCDEFAA0BBB02CCDDEEFF /* Harness */ = {
			isa = XCBuildConfiguration;
			buildSettings = {
				ASSETCATALOG_COMPILER_APPICON_NAME = AppIcon;
				ASSETCATALOG_COMPILER_GLOBAL_ACCENT_COLOR_NAME = AccentColor;
				CODE_SIGN_STYLE = Automatic;
				CURRENT_PROJECT_VERSION = 1;
				ENABLE_PREVIEWS = YES;
				GENERATE_INFOPLIST_FILE = YES;
				INFOPLIST_FILE = "Config/FieldTap-Info.plist";
				INFOPLIST_KEY_LSApplicationCategoryType = "public.app-category.utilities";
				INFOPLIST_KEY_UIApplicationSceneManifest_Generation = YES;
				INFOPLIST_KEY_UILaunchScreen_Generation = YES;
				INFOPLIST_KEY_UISupportedInterfaceOrientations_iPhone = UIInterfaceOrientationPortrait;
				MARKETING_VERSION = 0.1;
				PRODUCT_BUNDLE_IDENTIFIER = com.fieldtap.ios;
				PRODUCT_NAME = "$(TARGET_NAME)";
				SUPPORTED_PLATFORMS = "iphoneos iphonesimulator";
				SUPPORTS_MACCATALYST = NO;
				SUPPORTS_MAC_DESIGNED_FOR_IPHONE_IPAD = NO;
				SUPPORTS_XR_DESIGNED_FOR_IPHONE_IPAD = NO;
				SWIFT_EMIT_LOC_STRINGS = YES;
				TARGETED_DEVICE_FAMILY = 1;
			};
			name = Harness;
		};
		F7ABCDEFAA0BBB03CCDDEEFF /* Release */ = {
			isa = XCBuildConfiguration;
			buildSettings = {
				ASSETCATALOG_COMPILER_APPICON_NAME = AppIcon;
				ASSETCATALOG_COMPILER_GLOBAL_ACCENT_COLOR_NAME = AccentColor;
				CODE_SIGN_STYLE = Automatic;
				CURRENT_PROJECT_VERSION = 1;
				ENABLE_PREVIEWS = YES;
				GENERATE_INFOPLIST_FILE = YES;
				INFOPLIST_FILE = "Config/FieldTap-Info.plist";
				INFOPLIST_KEY_LSApplicationCategoryType = "public.app-category.utilities";
				INFOPLIST_KEY_UIApplicationSceneManifest_Generation = YES;
				INFOPLIST_KEY_UILaunchScreen_Generation = YES;
				INFOPLIST_KEY_UISupportedInterfaceOrientations_iPhone = UIInterfaceOrientationPortrait;
				MARKETING_VERSION = 0.1;
				PRODUCT_BUNDLE_IDENTIFIER = com.fieldtap.ios;
				PRODUCT_NAME = "$(TARGET_NAME)";
				SUPPORTED_PLATFORMS = "iphoneos iphonesimulator";
				SUPPORTS_MACCATALYST = NO;
				SUPPORTS_MAC_DESIGNED_FOR_IPHONE_IPAD = NO;
				SUPPORTS_XR_DESIGNED_FOR_IPHONE_IPAD = NO;
				SWIFT_EMIT_LOC_STRINGS = YES;
				TARGETED_DEVICE_FAMILY = 1;
			};
			name = Release;
		};
/* End XCBuildConfiguration section */

/* Begin XCConfigurationList section */
		F7ABCDEFAA09BB01CCDDEEFF /* Build configuration list for PBXNativeTarget "FieldTap" */ = {
			isa = XCConfigurationList;
			buildConfigurations = (
				F7ABCDEFAA0BBB01CCDDEEFF /* Debug */,
				F7ABCDEFAA0BBB02CCDDEEFF /* Harness */,
				F7ABCDEFAA0BBB03CCDDEEFF /* Release */,
			);
			defaultConfigurationIsVisible = 0;
			defaultConfigurationName = Release;
		};
		F7ABCDEFAA09BB02CCDDEEFF /* Build configuration list for PBXProject "FieldTap" */ = {
			isa = XCConfigurationList;
			buildConfigurations = (
				F7ABCDEFAA0ABB01CCDDEEFF /* Debug */,
				F7ABCDEFAA0ABB02CCDDEEFF /* Harness */,
				F7ABCDEFAA0ABB03CCDDEEFF /* Release */,
			);
			defaultConfigurationIsVisible = 0;
			defaultConfigurationName = Release;
		};
/* End XCConfigurationList section */

/* Begin XCLocalSwiftPackageReference section */
		F7ABCDEFAA08BB01CCDDEEFF /* XCLocalSwiftPackageReference "FieldTapKit" */ = {
			isa = XCLocalSwiftPackageReference;
			relativePath = FieldTapKit;
		};
/* End XCLocalSwiftPackageReference section */

/* Begin XCSwiftPackageProductDependency section */
		F7ABCDEFAA08BB02CCDDEEFF /* FieldTapKit */ = {
			isa = XCSwiftPackageProductDependency;
			productName = FieldTapKit;
		};
/* End XCSwiftPackageProductDependency section */
	};
	rootObject = F7ABCDEFAA01BB01CCDDEEFF /* Project object */;
}
